
Microsoft Visual Studio Solution File, Format Version 12.00
# Visual Studio Version 16
VisualStudioVersion = 16.0.33801.447
MinimumVisualStudioVersion = 10.0.40219.1
Project("{FAE04EC0-301F-11D3-BF4B-00C04F79EFBC}") = "EchoServer", "EchoServer.csproj", "{508AA8C3-236B-481B-8837-1FC170C74FDD}"
EndProject
Global
	GlobalSection(SolutionConfigurationPlatforms) = preSolution
		Debug|Any CPU = Debug|Any CPU
		Release|Any CPU = Release|Any CPU
	EndGlobalSection
	GlobalSection(ProjectConfigurationPlatforms) = postSolution
		{508AA8C3-236B-481B-8837-1FC170C74FDD}.Debug|Any CPU.ActiveCfg = Debug|Any CPU
		{508AA8C3-236B-481B-8837-1FC170C74FDD}.Debug|Any CPU.Build.0 = Debug|Any CPU
		{508AA8C3-236B-481B-8837-1FC170C74FDD}.Release|Any CPU.ActiveCfg = Release|Any CPU
		{508AA8C3-236B-481B-8837-1FC170C74FDD}.Release|Any CPU.Build.0 = Release|Any CPU
	EndGlobalSection
	GlobalSection(SolutionProperties) = preSolution
		HideSolutionNode = FALSE
	EndGlobalSection
	GlobalSection(ExtensibilityGlobals) = postSolution
		SolutionGuid = {07FA366D-8133-4ADE-B18D-9CBE3EFF8243}
	EndGlobalSection
EndGlobal
